
Microsoft Visual Studio Solution File, Format Version 12.00
# Visual Studio Version 17
VisualStudioVersion = 17.8.34330.188
MinimumVisualStudioVersion = 10.0.40219.1
Project("{FAE04EC0-301F-11D3-BF4B-00C04F79EFBC}") = "AirlineManagement", "AirlineManagement\AirlineManagement.csproj", "{FCE77B74-70A6-4CEB-B93E-FD851736BED3}"
EndProject
Project("{9A19103F-16F7-4668-BE54-9A1E7A4F7556}") = "Syncfusion.Blazor", "D:\Source\Scrollbar\Source\ej2-blazor-source\Syncfusion.Blazor\Syncfusion.Blazor.csproj", "{708E4011-AF78-4D70-B551-F6BD2A9786D7}"
EndProject
Global
	GlobalSection(SolutionConfigurationPlatforms) = preSolution
		Debug|Any CPU = Debug|Any CPU
		Release|Any CPU = Release|Any CPU
	EndGlobalSection
	GlobalSection(ProjectConfigurationPlatforms) = postSolution
		{FCE77B74-70A6-4CEB-B93E-FD851736BED3}.Debug|Any CPU.ActiveCfg = Debug|Any CPU
		{FCE77B74-70A6-4CEB-B93E-FD851736BED3}.Debug|Any CPU.Build.0 = Debug|Any CPU
		{FCE77B74-70A6-4CEB-B93E-FD851736BED3}.Release|Any CPU.ActiveCfg = Release|Any CPU
		{FCE77B74-70A6-4CEB-B93E-FD851736BED3}.Release|Any CPU.Build.0 = Release|Any CPU
		{708E4011-AF78-4D70-B551-F6BD2A9786D7}.Debug|Any CPU.ActiveCfg = Debug|Any CPU
		{708E4011-AF78-4D70-B551-F6BD2A9786D7}.Debug|Any CPU.Build.0 = Debug|Any CPU
		{708E4011-AF78-4D70-B551-F6BD2A9786D7}.Release|Any CPU.ActiveCfg = Release|Any CPU
		{708E4011-AF78-4D70-B551-F6BD2A9786D7}.Release|Any CPU.Build.0 = Release|Any CPU
	EndGlobalSection
	GlobalSection(SolutionProperties) = preSolution
		HideSolutionNode = FALSE
	EndGlobalSection
	GlobalSection(ExtensibilityGlobals) = postSolution
		SolutionGuid = {75499977-D801-4C73-A346-3D5B01035082}
	EndGlobalSection
EndGlobal
